{
  "name": "test",
  "version": "1.0.0",
  "lockfileVersion": 2,
  "requires": true,
  "packages": {
    "": {
      "name": "test",
      "version": "1.0.0",
      "license": "ISC",
      "dependencies": {
        "funny-log": "^0.0.9"
      }
    },
    "node_modules/funny-log": {
      "version": "0.0.9",
      "resolved": "https://registry.npmjs.org/funny-log/-/funny-log-0.0.9.tgz",
      "integrity": "sha1-4+OzO/qG7F0nLI/Hva68ctQDd2Q="
    }
  },
  "dependencies": {
    "funny-log": {
      "version": "0.0.9",
      "resolved": "https://registry.npmjs.org/funny-log/-/funny-log-0.0.9.tgz",
      "integrity": "sha1-4+OzO/qG7F0nLI/Hva68ctQDd2Q="
    }
  }
}
